// !$*UTF8*$!
{
	archiveVersion = 1;
	classes = {
	};
	objectVersion = 52;
	objects = {

/* Begin PBXBuildFile section */
		2D9A5BA8B53D35DD8B97C3D1 /* Pods_LocationManagerTest_LocationManagerTestUITests.framework in Frameworks */ = {isa = PBXBuildFile; fileRef = D88A323A8CEDD0164D46A0FF /* Pods_LocationManagerTest_LocationManagerTestUITests.framework */; };
		8773188A96BE89EE7890D60C /* Pods_LocationManagerTest.framework in Frameworks */ = {isa = PBXBuildFile; fileRef = 1C18627021B7A5948ABF56FD /* Pods_LocationManagerTest.framework */; };
		D4270AB1248A71620022A6BB /* File.swift in Sources */ = {isa = PBXBuildFile; fileRef = D4270AB0248A71620022A6BB /* File.swift */; };
		D4270AB4248A8F770022A6BB /* HafasParser.swift in Sources */ = {isa = PBXBuildFile; fileRef = D4270AB3248A8F770022A6BB /* HafasParser.swift */; };
		D4270AB7248BACD10022A6BB /* TrainAnnotation.swift in Sources */ = {isa = PBXBuildFile; fileRef = D4270AB6248BACD10022A6BB /* TrainAnnotation.swift */; };
		D4270AB9248BAD170022A6BB /* TrainView.xib in Resources */ = {isa = PBXBuildFile; fileRef = D4270AB8248BAD170022A6BB /* TrainView.xib */; };
		D4270ABA248BDE550022A6BB /* TrainLocationTripAnimationTimeController.swift in Sources */ = {isa = PBXBuildFile; fileRef = D45C506624892C8200A3D857 /* TrainLocationTripAnimationTimeController.swift */; };
		D4270ABC248BDEAE0022A6BB /* TrainLocationTripByTimeFrameController.swift in Sources */ = {isa = PBXBuildFile; fileRef = D4270ABB248BDEAE0022A6BB /* TrainLocationTripByTimeFrameController.swift */; };
		D4270ABE248BDF5C0022A6BB /* TimeFrameTrip.swift in Sources */ = {isa = PBXBuildFile; fileRef = D4270ABD248BDF5C0022A6BB /* TimeFrameTrip.swift */; };
		D4270AC0248BE1D80022A6BB /* MockTrainDataTimeFrameProvider.swift in Sources */ = {isa = PBXBuildFile; fileRef = D4270ABF248BE1D80022A6BB /* MockTrainDataTimeFrameProvider.swift */; };
		D4270AC7248C439B0022A6BB /* TransportRestProvider.swift in Sources */ = {isa = PBXBuildFile; fileRef = D4270AC6248C439B0022A6BB /* TransportRestProvider.swift */; };
		D45C505024882C3C00A3D857 /* TrainLocationDelegate.swift in Sources */ = {isa = PBXBuildFile; fileRef = D45C504F24882C3C00A3D857 /* TrainLocationDelegate.swift */; };
		D45C505424883D8800A3D857 /* TrainLocationPin.swift in Sources */ = {isa = PBXBuildFile; fileRef = D45C505324883D8800A3D857 /* TrainLocationPin.swift */; };
		D45C50572488E27400A3D857 /* AppConstants.swift in Sources */ = {isa = PBXBuildFile; fileRef = D45C50562488E27400A3D857 /* AppConstants.swift */; };
		D45C505A2488E70A00A3D857 /* TrainDataProviderProtocol.swift in Sources */ = {isa = PBXBuildFile; fileRef = D45C50592488E70A00A3D857 /* TrainDataProviderProtocol.swift */; };
		D45C505D2488E8CB00A3D857 /* MockTrainDataRadarProvider.swift in Sources */ = {isa = PBXBuildFile; fileRef = D45C505C2488E8CB00A3D857 /* MockTrainDataRadarProvider.swift */; };
		D45C505F2488F22800A3D857 /* data2 in Resources */ = {isa = PBXBuildFile; fileRef = D45C505E2488F22700A3D857 /* data2 */; };
		D45C506124891B9100A3D857 /* Trip.swift in Sources */ = {isa = PBXBuildFile; fileRef = D45C506024891B9100A3D857 /* Trip.swift */; };
		D45C506324891D1400A3D857 /* MockTrainDataJourneyProvider.swift in Sources */ = {isa = PBXBuildFile; fileRef = D45C506224891D1400A3D857 /* MockTrainDataJourneyProvider.swift */; };
		D45C50652489266600A3D857 /* trip_test in Resources */ = {isa = PBXBuildFile; fileRef = D45C50642489266600A3D857 /* trip_test */; };
		D45C506924892CC900A3D857 /* TrainLocationProxy.swift in Sources */ = {isa = PBXBuildFile; fileRef = D45C506824892CC900A3D857 /* TrainLocationProxy.swift */; };
		D45C506E2489396200A3D857 /* TrainLocationProtocol.swift in Sources */ = {isa = PBXBuildFile; fileRef = D45C506A24892FB200A3D857 /* TrainLocationProtocol.swift */; };
		D45C507124893F4900A3D857 /* RadarTrip.swift in Sources */ = {isa = PBXBuildFile; fileRef = D45C507024893F4900A3D857 /* RadarTrip.swift */; };
		D45C50732489414C00A3D857 /* JourneyTrip.swift in Sources */ = {isa = PBXBuildFile; fileRef = D45C50722489414C00A3D857 /* JourneyTrip.swift */; };
		D45C5075248A51EB00A3D857 /* TripProvider.swift in Sources */ = {isa = PBXBuildFile; fileRef = D45C5074248A51EA00A3D857 /* TripProvider.swift */; };
		D46292CE248C468B006E638F /* LocationManagerTestTests.swift in Sources */ = {isa = PBXBuildFile; fileRef = D46292CD248C468B006E638F /* LocationManagerTestTests.swift */; };
		D46292D5248C4735006E638F /* MapEntity.swift in Sources */ = {isa = PBXBuildFile; fileRef = D4DEAAE02487D3E900D33AA2 /* MapEntity.swift */; };
		D46B6B5A248EB28A00AF77F6 /* NetworkTrainDataTimeFrameProvider.swift in Sources */ = {isa = PBXBuildFile; fileRef = D46B6B59248EB28A00AF77F6 /* NetworkTrainDataTimeFrameProvider.swift */; };
		D46B6B5D2490195200AF77F6 /* TrainViewList.swift in Sources */ = {isa = PBXBuildFile; fileRef = D46B6B5C2490195100AF77F6 /* TrainViewList.swift */; };
		D46B6B5F2490211500AF77F6 /* TrainOverviewCell.swift in Sources */ = {isa = PBXBuildFile; fileRef = D46B6B5E2490211500AF77F6 /* TrainOverviewCell.swift */; };
		D4AF20012488239D0075F327 /* Journey.swift in Sources */ = {isa = PBXBuildFile; fileRef = D4AF20002488239D0075F327 /* Journey.swift */; };
		D4AF2004248825B20075F327 /* TrainLocationRadarController.swift in Sources */ = {isa = PBXBuildFile; fileRef = D4AF2003248825B20075F327 /* TrainLocationRadarController.swift */; };
		D4AF5163248D2E3800C9D7BE /* DateUtils.swift in Sources */ = {isa = PBXBuildFile; fileRef = D4AF5162248D2E3800C9D7BE /* DateUtils.swift */; };
		D4C22BF0248E9D1700FB7120 /* HafasDTOs.swift in Sources */ = {isa = PBXBuildFile; fileRef = D4C22BEE248E793A00FB7120 /* HafasDTOs.swift */; };
		D4DEAAC82487AC1900D33AA2 /* AppDelegate.swift in Sources */ = {isa = PBXBuildFile; fileRef = D4DEAAC72487AC1900D33AA2 /* AppDelegate.swift */; };
		D4DEAACA2487AC1900D33AA2 /* SceneDelegate.swift in Sources */ = {isa = PBXBuildFile; fileRef = D4DEAAC92487AC1900D33AA2 /* SceneDelegate.swift */; };
		D4DEAACC2487AC1900D33AA2 /* ViewController.swift in Sources */ = {isa = PBXBuildFile; fileRef = D4DEAACB2487AC1900D33AA2 /* ViewController.swift */; };
		D4DEAACF2487AC1900D33AA2 /* Main.storyboard in Resources */ = {isa = PBXBuildFile; fileRef = D4DEAACD2487AC1900D33AA2 /* Main.storyboard */; };
		D4DEAAD12487AC1E00D33AA2 /* Assets.xcassets in Resources */ = {isa = PBXBuildFile; fileRef = D4DEAAD02487AC1E00D33AA2 /* Assets.xcassets */; };
		D4DEAAD42487AC1E00D33AA2 /* LaunchScreen.storyboard in Resources */ = {isa = PBXBuildFile; fileRef = D4DEAAD22487AC1E00D33AA2 /* LaunchScreen.storyboard */; };
		D4DEAADC2487D1AF00D33AA2 /* MapViewControllerDelegate.swift in Sources */ = {isa = PBXBuildFile; fileRef = D4DEAADB2487D1AF00D33AA2 /* MapViewControllerDelegate.swift */; };
		D4DEAADF2487D3B000D33AA2 /* MapViewControllerProtocol.swift in Sources */ = {isa = PBXBuildFile; fileRef = D4DEAADE2487D3B000D33AA2 /* MapViewControllerProtocol.swift */; };
		D4DEAAE12487D3EA00D33AA2 /* MapEntity.swift in Sources */ = {isa = PBXBuildFile; fileRef = D4DEAAE02487D3E900D33AA2 /* MapEntity.swift */; };
		D4DEAAE52487D55A00D33AA2 /* MapViewController.swift in Sources */ = {isa = PBXBuildFile; fileRef = D4DEAAE42487D55A00D33AA2 /* MapViewController.swift */; };
		D4DEAAE82487D9F100D33AA2 /* CLLocation+Extension.swift in Sources */ = {isa = PBXBuildFile; fileRef = D4DEAAE72487D9F100D33AA2 /* CLLocation+Extension.swift */; };
		D4DEAAEA2487DA1D00D33AA2 /* Math+Extension.swift in Sources */ = {isa = PBXBuildFile; fileRef = D4DEAAE92487DA1D00D33AA2 /* Math+Extension.swift */; };
		D4EA3D5E24880387003D7469 /* LocationManagerTestUITests.swift in Sources */ = {isa = PBXBuildFile; fileRef = D4EA3D5D24880387003D7469 /* LocationManagerTestUITests.swift */; };
		D4EA3D66248803DC003D7469 /* hafas_test_json.json in Resources */ = {isa = PBXBuildFile; fileRef = D4EA3D65248803DC003D7469 /* hafas_test_json.json */; };
		D4EA3D672488063E003D7469 /* hafas_test_json.json in Resources */ = {isa = PBXBuildFile; fileRef = D4EA3D65248803DC003D7469 /* hafas_test_json.json */; platformFilter = ios; };
/* End PBXBuildFile section */

/* Begin PBXContainerItemProxy section */
		D46292D0248C468B006E638F /* PBXContainerItemProxy */ = {
			isa = PBXContainerItemProxy;
			containerPortal = D4DEAABC2487AC1900D33AA2 /* Project object */;
			proxyType = 1;
			remoteGlobalIDString = D4DEAAC32487AC1900D33AA2;
			remoteInfo = LocationManagerTest;
		};
		D4EA3D6024880387003D7469 /* PBXContainerItemProxy */ = {
			isa = PBXContainerItemProxy;
			containerPortal = D4DEAABC2487AC1900D33AA2 /* Project object */;
			proxyType = 1;
			remoteGlobalIDString = D4DEAAC32487AC1900D33AA2;
			remoteInfo = LocationManagerTest;
		};
/* End PBXContainerItemProxy section */

/* Begin PBXFileReference section */
		1C18627021B7A5948ABF56FD /* Pods_LocationManagerTest.framework */ = {isa = PBXFileReference; explicitFileType = wrapper.framework; includeInIndex = 0; path = Pods_LocationManagerTest.framework; sourceTree = BUILT_PRODUCTS_DIR; };
		4B5C1FF62A107403676159D6 /* Pods-LocationManagerTest-LocationManagerTestUITests.debug.xcconfig */ = {isa = PBXFileReference; includeInIndex = 1; lastKnownFileType = text.xcconfig; name = "Pods-LocationManagerTest-LocationManagerTestUITests.debug.xcconfig"; path = "Target Support Files/Pods-LocationManagerTest-LocationManagerTestUITests/Pods-LocationManagerTest-LocationManagerTestUITests.debug.xcconfig"; sourceTree = "<group>"; };
		81DAC181B364BA2179336F19 /* Pods-LocationManagerTest.release.xcconfig */ = {isa = PBXFileReference; includeInIndex = 1; lastKnownFileType = text.xcconfig; name = "Pods-LocationManagerTest.release.xcconfig"; path = "Target Support Files/Pods-LocationManagerTest/Pods-LocationManagerTest.release.xcconfig"; sourceTree = "<group>"; };
		BFEFB2F185F1EDB86D47F583 /* Pods-LocationManagerTest-LocationManagerTestUITests.release.xcconfig */ = {isa = PBXFileReference; includeInIndex = 1; lastKnownFileType = text.xcconfig; name = "Pods-LocationManagerTest-LocationManagerTestUITests.release.xcconfig"; path = "Target Support Files/Pods-LocationManagerTest-LocationManagerTestUITests/Pods-LocationManagerTest-LocationManagerTestUITests.release.xcconfig"; sourceTree = "<group>"; };
		D4270AB0248A71620022A6BB /* File.swift */ = {isa = PBXFileReference; lastKnownFileType = sourcecode.swift; path = File.swift; sourceTree = "<group>"; };
		D4270AB3248A8F770022A6BB /* HafasParser.swift */ = {isa = PBXFileReference; lastKnownFileType = sourcecode.swift; path = HafasParser.swift; sourceTree = "<group>"; };
		D4270AB6248BACD10022A6BB /* TrainAnnotation.swift */ = {isa = PBXFileReference; lastKnownFileType = sourcecode.swift; path = TrainAnnotation.swift; sourceTree = "<group>"; };
		D4270AB8248BAD170022A6BB /* TrainView.xib */ = {isa = PBXFileReference; lastKnownFileType = file.xib; path = TrainView.xib; sourceTree = "<group>"; };
		D4270ABB248BDEAE0022A6BB /* TrainLocationTripByTimeFrameController.swift */ = {isa = PBXFileReference; lastKnownFileType = sourcecode.swift; path = TrainLocationTripByTimeFrameController.swift; sourceTree = "<group>"; };
		D4270ABD248BDF5C0022A6BB /* TimeFrameTrip.swift */ = {isa = PBXFileReference; lastKnownFileType = sourcecode.swift; path = TimeFrameTrip.swift; sourceTree = "<group>"; };
		D4270ABF248BE1D80022A6BB /* MockTrainDataTimeFrameProvider.swift */ = {isa = PBXFileReference; lastKnownFileType = sourcecode.swift; path = MockTrainDataTimeFrameProvider.swift; sourceTree = "<group>"; };
		D4270AC6248C439B0022A6BB /* TransportRestProvider.swift */ = {isa = PBXFileReference; fileEncoding = 4; lastKnownFileType = sourcecode.swift; path = TransportRestProvider.swift; sourceTree = "<group>"; };
		D45C504F24882C3C00A3D857 /* TrainLocationDelegate.swift */ = {isa = PBXFileReference; lastKnownFileType = sourcecode.swift; path = TrainLocationDelegate.swift; sourceTree = "<group>"; };
		D45C505324883D8800A3D857 /* TrainLocationPin.swift */ = {isa = PBXFileReference; lastKnownFileType = sourcecode.swift; path = TrainLocationPin.swift; sourceTree = "<group>"; };
		D45C50562488E27400A3D857 /* AppConstants.swift */ = {isa = PBXFileReference; lastKnownFileType = sourcecode.swift; path = AppConstants.swift; sourceTree = "<group>"; };
		D45C50592488E70A00A3D857 /* TrainDataProviderProtocol.swift */ = {isa = PBXFileReference; lastKnownFileType = sourcecode.swift; path = TrainDataProviderProtocol.swift; sourceTree = "<group>"; };
		D45C505C2488E8CB00A3D857 /* MockTrainDataRadarProvider.swift */ = {isa = PBXFileReference; lastKnownFileType = sourcecode.swift; path = MockTrainDataRadarProvider.swift; sourceTree = "<group>"; };
		D45C505E2488F22700A3D857 /* data2 */ = {isa = PBXFileReference; fileEncoding = 4; lastKnownFileType = text; path = data2; sourceTree = "<group>"; };
		D45C506024891B9100A3D857 /* Trip.swift */ = {isa = PBXFileReference; lastKnownFileType = sourcecode.swift; path = Trip.swift; sourceTree = "<group>"; };
		D45C506224891D1400A3D857 /* MockTrainDataJourneyProvider.swift */ = {isa = PBXFileReference; lastKnownFileType = sourcecode.swift; path = MockTrainDataJourneyProvider.swift; sourceTree = "<group>"; };
		D45C50642489266600A3D857 /* trip_test */ = {isa = PBXFileReference; lastKnownFileType = text; path = trip_test; sourceTree = "<group>"; };
		D45C506624892C8200A3D857 /* TrainLocationTripAnimationTimeController.swift */ = {isa = PBXFileReference; lastKnownFileType = sourcecode.swift; path = TrainLocationTripAnimationTimeController.swift; sourceTree = "<group>"; };
		D45C506824892CC900A3D857 /* TrainLocationProxy.swift */ = {isa = PBXFileReference; lastKnownFileType = sourcecode.swift; path = TrainLocationProxy.swift; sourceTree = "<group>"; };
		D45C506A24892FB200A3D857 /* TrainLocationProtocol.swift */ = {isa = PBXFileReference; lastKnownFileType = sourcecode.swift; path = TrainLocationProtocol.swift; sourceTree = "<group>"; };
		D45C507024893F4900A3D857 /* RadarTrip.swift */ = {isa = PBXFileReference; lastKnownFileType = sourcecode.swift; path = RadarTrip.swift; sourceTree = "<group>"; };
		D45C50722489414C00A3D857 /* JourneyTrip.swift */ = {isa = PBXFileReference; lastKnownFileType = sourcecode.swift; path = JourneyTrip.swift; sourceTree = "<group>"; };
		D45C5074248A51EA00A3D857 /* TripProvider.swift */ = {isa = PBXFileReference; lastKnownFileType = sourcecode.swift; path = TripProvider.swift; sourceTree = "<group>"; };
		D46292CB248C468B006E638F /* LocationManagerTestTests.xctest */ = {isa = PBXFileReference; explicitFileType = wrapper.cfbundle; includeInIndex = 0; path = LocationManagerTestTests.xctest; sourceTree = BUILT_PRODUCTS_DIR; };
		D46292CD248C468B006E638F /* LocationManagerTestTests.swift */ = {isa = PBXFileReference; lastKnownFileType = sourcecode.swift; path = LocationManagerTestTests.swift; sourceTree = "<group>"; };
		D46292CF248C468B006E638F /* Info.plist */ = {isa = PBXFileReference; lastKnownFileType = text.plist.xml; path = Info.plist; sourceTree = "<group>"; };
		D46B6B59248EB28A00AF77F6 /* NetworkTrainDataTimeFrameProvider.swift */ = {isa = PBXFileReference; lastKnownFileType = sourcecode.swift; path = NetworkTrainDataTimeFrameProvider.swift; sourceTree = "<group>"; };
		D46B6B5C2490195100AF77F6 /* TrainViewList.swift */ = {isa = PBXFileReference; lastKnownFileType = sourcecode.swift; path = TrainViewList.swift; sourceTree = "<group>"; };
		D46B6B5E2490211500AF77F6 /* TrainOverviewCell.swift */ = {isa = PBXFileReference; lastKnownFileType = sourcecode.swift; path = TrainOverviewCell.swift; sourceTree = "<group>"; };
		D4AF20002488239D0075F327 /* Journey.swift */ = {isa = PBXFileReference; lastKnownFileType = sourcecode.swift; path = Journey.swift; sourceTree = "<group>"; };
		D4AF2003248825B20075F327 /* TrainLocationRadarController.swift */ = {isa = PBXFileReference; lastKnownFileType = sourcecode.swift; path = TrainLocationRadarController.swift; sourceTree = "<group>"; };
		D4AF5162248D2E3800C9D7BE /* DateUtils.swift */ = {isa = PBXFileReference; lastKnownFileType = sourcecode.swift; path = DateUtils.swift; sourceTree = "<group>"; };
		D4C22BEE248E793A00FB7120 /* HafasDTOs.swift */ = {isa = PBXFileReference; lastKnownFileType = sourcecode.swift; path = HafasDTOs.swift; sourceTree = "<group>"; };
		D4DEAAC42487AC1900D33AA2 /* LocationManagerTest.app */ = {isa = PBXFileReference; explicitFileType = wrapper.application; includeInIndex = 0; path = LocationManagerTest.app; sourceTree = BUILT_PRODUCTS_DIR; };
		D4DEAAC72487AC1900D33AA2 /* AppDelegate.swift */ = {isa = PBXFileReference; lastKnownFileType = sourcecode.swift; path = AppDelegate.swift; sourceTree = "<group>"; };
		D4DEAAC92487AC1900D33AA2 /* SceneDelegate.swift */ = {isa = PBXFileReference; lastKnownFileType = sourcecode.swift; path = SceneDelegate.swift; sourceTree = "<group>"; };
		D4DEAACB2487AC1900D33AA2 /* ViewController.swift */ = {isa = PBXFileReference; lastKnownFileType = sourcecode.swift; path = ViewController.swift; sourceTree = "<group>"; };
		D4DEAACE2487AC1900D33AA2 /* Base */ = {isa = PBXFileReference; lastKnownFileType = file.storyboard; name = Base; path = Base.lproj/Main.storyboard; sourceTree = "<group>"; };
		D4DEAAD02487AC1E00D33AA2 /* Assets.xcassets */ = {isa = PBXFileReference; lastKnownFileType = folder.assetcatalog; path = Assets.xcassets; sourceTree = "<group>"; };
		D4DEAAD32487AC1E00D33AA2 /* Base */ = {isa = PBXFileReference; lastKnownFileType = file.storyboard; name = Base; path = Base.lproj/LaunchScreen.storyboard; sourceTree = "<group>"; };
		D4DEAAD52487AC1E00D33AA2 /* Info.plist */ = {isa = PBXFileReference; lastKnownFileType = text.plist.xml; path = Info.plist; sourceTree = "<group>"; };
		D4DEAADB2487D1AF00D33AA2 /* MapViewControllerDelegate.swift */ = {isa = PBXFileReference; lastKnownFileType = sourcecode.swift; path = MapViewControllerDelegate.swift; sourceTree = "<group>"; };
		D4DEAADE2487D3B000D33AA2 /* MapViewControllerProtocol.swift */ = {isa = PBXFileReference; lastKnownFileType = sourcecode.swift; path = MapViewControllerProtocol.swift; sourceTree = "<group>"; };
		D4DEAAE02487D3E900D33AA2 /* MapEntity.swift */ = {isa = PBXFileReference; lastKnownFileType = sourcecode.swift; path = MapEntity.swift; sourceTree = "<group>"; };
		D4DEAAE42487D55A00D33AA2 /* MapViewController.swift */ = {isa = PBXFileReference; lastKnownFileType = sourcecode.swift; path = MapViewController.swift; sourceTree = "<group>"; };
		D4DEAAE72487D9F100D33AA2 /* CLLocation+Extension.swift */ = {isa = PBXFileReference; lastKnownFileType = sourcecode.swift; path = "CLLocation+Extension.swift"; sourceTree = "<group>"; };
		D4DEAAE92487DA1D00D33AA2 /* Math+Extension.swift */ = {isa = PBXFileReference; lastKnownFileType = sourcecode.swift; path = "Math+Extension.swift"; sourceTree = "<group>"; };
		D4EA3D5B24880387003D7469 /* LocationManagerTestUITests.xctest */ = {isa = PBXFileReference; explicitFileType = wrapper.cfbundle; includeInIndex = 0; path = LocationManagerTestUITests.xctest; sourceTree = BUILT_PRODUCTS_DIR; };
		D4EA3D5D24880387003D7469 /* LocationManagerTestUITests.swift */ = {isa = PBXFileReference; lastKnownFileType = sourcecode.swift; path = LocationManagerTestUITests.swift; sourceTree = "<group>"; };
		D4EA3D5F24880387003D7469 /* Info.plist */ = {isa = PBXFileReference; lastKnownFileType = text.plist.xml; path = Info.plist; sourceTree = "<group>"; };
		D4EA3D65248803DC003D7469 /* hafas_test_json.json */ = {isa = PBXFileReference; lastKnownFileType = text.json; path = hafas_test_json.json; sourceTree = "<group>"; };
		D7742B9CD2F560923E7F2079 /* Pods-LocationManagerTest.debug.xcconfig */ = {isa = PBXFileReference; includeInIndex = 1; lastKnownFileType = text.xcconfig; name = "Pods-LocationManagerTest.debug.xcconfig"; path = "Target Support Files/Pods-LocationManagerTest/Pods-LocationManagerTest.debug.xcconfig"; sourceTree = "<group>"; };
		D88A323A8CEDD0164D46A0FF /* Pods_LocationManagerTest_LocationManagerTestUITests.framework */ = {isa = PBXFileReference; explicitFileType = wrapper.framework; includeInIndex = 0; path = Pods_LocationManagerTest_LocationManagerTestUITests.framework; sourceTree = BUILT_PRODUCTS_DIR; };
/* End PBXFileReference section */

/* Begin PBXFrameworksBuildPhase section */
		D46292C8248C468B006E638F /* Frameworks */ = {
			isa = PBXFrameworksBuildPhase;
			buildActionMask = 2147483647;
			files = (
			);
			runOnlyForDeploymentPostprocessing = 0;
		};
		D4DEAAC12487AC1900D33AA2 /* Frameworks */ = {
			isa = PBXFrameworksBuildPhase;
			buildActionMask = 2147483647;
			files = (
				8773188A96BE89EE7890D60C /* Pods_LocationManagerTest.framework in Frameworks */,
			);
			runOnlyForDeploymentPostprocessing = 0;
		};
		D4EA3D5824880387003D7469 /* Frameworks */ = {
			isa = PBXFrameworksBuildPhase;
			buildActionMask = 2147483647;
			files = (
				2D9A5BA8B53D35DD8B97C3D1 /* Pods_LocationManagerTest_LocationManagerTestUITests.framework in Frameworks */,
			);
			runOnlyForDeploymentPostprocessing = 0;
		};
/* End PBXFrameworksBuildPhase section */

/* Begin PBXGroup section */
		AAA8BBA48C41B9BBD430AD08 /* Frameworks */ = {
			isa = PBXGroup;
			children = (
				1C18627021B7A5948ABF56FD /* Pods_LocationManagerTest.framework */,
				D88A323A8CEDD0164D46A0FF /* Pods_LocationManagerTest_LocationManagerTestUITests.framework */,
			);
			name = Frameworks;
			sourceTree = "<group>";
		};
		D4270AAF248A71540022A6BB /* Logging */ = {
			isa = PBXGroup;
			children = (
				D4270AB0248A71620022A6BB /* File.swift */,
			);
			path = Logging;
			sourceTree = "<group>";
		};
		D4270AB2248A8F620022A6BB /* Parser */ = {
			isa = PBXGroup;
			children = (
				D4270AB3248A8F770022A6BB /* HafasParser.swift */,
			);
			path = Parser;
			sourceTree = "<group>";
		};
		D4270AB5248BACBE0022A6BB /* Views */ = {
			isa = PBXGroup;
			children = (
				D4270AB6248BACD10022A6BB /* TrainAnnotation.swift */,
				D4270AB8248BAD170022A6BB /* TrainView.xib */,
			);
			path = Views;
			sourceTree = "<group>";
		};
		D45C50552488E25100A3D857 /* AppConstants */ = {
			isa = PBXGroup;
			children = (
				D45C50562488E27400A3D857 /* AppConstants.swift */,
			);
			path = AppConstants;
			sourceTree = "<group>";
		};
		D45C50582488E6F200A3D857 /* Provider */ = {
			isa = PBXGroup;
			children = (
				D46B6B58248EB26100AF77F6 /* Network */,
				D4270AB2248A8F620022A6BB /* Parser */,
				D45C505B2488E85E00A3D857 /* Mock */,
				D45C50592488E70A00A3D857 /* TrainDataProviderProtocol.swift */,
				D45C5074248A51EA00A3D857 /* TripProvider.swift */,
			);
			path = Provider;
			sourceTree = "<group>";
		};
		D45C505B2488E85E00A3D857 /* Mock */ = {
			isa = PBXGroup;
			children = (
				D45C505C2488E8CB00A3D857 /* MockTrainDataRadarProvider.swift */,
				D45C506224891D1400A3D857 /* MockTrainDataJourneyProvider.swift */,
				D4270ABF248BE1D80022A6BB /* MockTrainDataTimeFrameProvider.swift */,
			);
			path = Mock;
			sourceTree = "<group>";
		};
		D45C506C248938EA00A3D857 /* Proxy */ = {
			isa = PBXGroup;
			children = (
				D45C506824892CC900A3D857 /* TrainLocationProxy.swift */,
			);
			path = Proxy;
			sourceTree = "<group>";
		};
		D45C506D248938F400A3D857 /* Protocol */ = {
			isa = PBXGroup;
			children = (
				D45C506A24892FB200A3D857 /* TrainLocationProtocol.swift */,
				D45C504F24882C3C00A3D857 /* TrainLocationDelegate.swift */,
			);
			path = Protocol;
			sourceTree = "<group>";
		};
		D46292C6248C4662006E638F /* LocationManagerTests */ = {
			isa = PBXGroup;
			children = (
			);
			path = LocationManagerTests;
			sourceTree = "<group>";
		};
		D46292CC248C468B006E638F /* LocationManagerTestTests */ = {
			isa = PBXGroup;
			children = (
				D46292CD248C468B006E638F /* LocationManagerTestTests.swift */,
				D46292CF248C468B006E638F /* Info.plist */,
			);
			path = LocationManagerTestTests;
			sourceTree = "<group>";
		};
		D46292D6248D17F6006E638F /* Transport.Rest */ = {
			isa = PBXGroup;
			children = (
				D4270AC6248C439B0022A6BB /* TransportRestProvider.swift */,
			);
			path = Transport.Rest;
			sourceTree = "<group>";
		};
		D46B6B58248EB26100AF77F6 /* Network */ = {
			isa = PBXGroup;
			children = (
				D46B6B59248EB28A00AF77F6 /* NetworkTrainDataTimeFrameProvider.swift */,
			);
			path = Network;
			sourceTree = "<group>";
		};
		D46B6B5B2490191900AF77F6 /* TrainList */ = {
			isa = PBXGroup;
			children = (
				D46B6B5C2490195100AF77F6 /* TrainViewList.swift */,
				D46B6B5E2490211500AF77F6 /* TrainOverviewCell.swift */,
			);
			path = TrainList;
			sourceTree = "<group>";
		};
		D46B6B6024912ACB00AF77F6 /* Conroller */ = {
			isa = PBXGroup;
			children = (
				D4AF2003248825B20075F327 /* TrainLocationRadarController.swift */,
				D45C506624892C8200A3D857 /* TrainLocationTripAnimationTimeController.swift */,
				D4270ABB248BDEAE0022A6BB /* TrainLocationTripByTimeFrameController.swift */,
			);
			path = Conroller;
			sourceTree = "<group>";
		};
		D4AF20022488259C0075F327 /* LocationController */ = {
			isa = PBXGroup;
			children = (
				D46B6B6024912ACB00AF77F6 /* Conroller */,
				D45C506D248938F400A3D857 /* Protocol */,
				D45C506C248938EA00A3D857 /* Proxy */,
			);
			path = LocationController;
			sourceTree = "<group>";
		};
		D4AF200524882A250075F327 /* Model */ = {
			isa = PBXGroup;
			children = (
				D4AF20002488239D0075F327 /* Journey.swift */,
				D45C506024891B9100A3D857 /* Trip.swift */,
				D45C507024893F4900A3D857 /* RadarTrip.swift */,
				D45C50722489414C00A3D857 /* JourneyTrip.swift */,
				D4270ABD248BDF5C0022A6BB /* TimeFrameTrip.swift */,
				D4C22BEE248E793A00FB7120 /* HafasDTOs.swift */,
			);
			path = Model;
			sourceTree = "<group>";
		};
		D4AF5161248D2E2600C9D7BE /* Formatting */ = {
			isa = PBXGroup;
			children = (
				D4AF5162248D2E3800C9D7BE /* DateUtils.swift */,
			);
			path = Formatting;
			sourceTree = "<group>";
		};
		D4C22BF1248EA05200FB7120 /* Networking */ = {
			isa = PBXGroup;
			children = (
				D46292D6248D17F6006E638F /* Transport.Rest */,
			);
			path = Networking;
			sourceTree = "<group>";
		};
		D4DEAABB2487AC1900D33AA2 = {
			isa = PBXGroup;
			children = (
				D46292C6248C4662006E638F /* LocationManagerTests */,
				D4DEAAC62487AC1900D33AA2 /* LocationManagerTest */,
				D4EA3D5C24880387003D7469 /* LocationManagerTestUITests */,
				D46292CC248C468B006E638F /* LocationManagerTestTests */,
				D4DEAAC52487AC1900D33AA2 /* Products */,
				DE099E028417340F4470B39B /* Pods */,
				AAA8BBA48C41B9BBD430AD08 /* Frameworks */,
			);
			sourceTree = "<group>";
		};
		D4DEAAC52487AC1900D33AA2 /* Products */ = {
			isa = PBXGroup;
			children = (
				D4DEAAC42487AC1900D33AA2 /* LocationManagerTest.app */,
				D4EA3D5B24880387003D7469 /* LocationManagerTestUITests.xctest */,
				D46292CB248C468B006E638F /* LocationManagerTestTests.xctest */,
			);
			name = Products;
			sourceTree = "<group>";
		};
		D4DEAAC62487AC1900D33AA2 /* LocationManagerTest */ = {
			isa = PBXGroup;
			children = (
				D4C22BF1248EA05200FB7120 /* Networking */,
				D4AF5161248D2E2600C9D7BE /* Formatting */,
				D4270AAF248A71540022A6BB /* Logging */,
				D45C505E2488F22700A3D857 /* data2 */,
				D45C50582488E6F200A3D857 /* Provider */,
				D45C50552488E25100A3D857 /* AppConstants */,
				D4AF200524882A250075F327 /* Model */,
				D4AF20022488259C0075F327 /* LocationController */,
				D4EA3D65248803DC003D7469 /* hafas_test_json.json */,
				D4DEAAEB2487DA3B00D33AA2 /* Location */,
				D4DEAAE62487D9E000D33AA2 /* Extensions */,
				D4DEAADD2487D1DB00D33AA2 /* Map */,
				D4DEAAC72487AC1900D33AA2 /* AppDelegate.swift */,
				D4DEAAC92487AC1900D33AA2 /* SceneDelegate.swift */,
				D4DEAACB2487AC1900D33AA2 /* ViewController.swift */,
				D4DEAACD2487AC1900D33AA2 /* Main.storyboard */,
				D4DEAAD02487AC1E00D33AA2 /* Assets.xcassets */,
				D4DEAAD22487AC1E00D33AA2 /* LaunchScreen.storyboard */,
				D4DEAAD52487AC1E00D33AA2 /* Info.plist */,
				D45C50642489266600A3D857 /* trip_test */,
			);
			path = LocationManagerTest;
			sourceTree = "<group>";
		};
		D4DEAADD2487D1DB00D33AA2 /* Map */ = {
			isa = PBXGroup;
			children = (
				D46B6B5B2490191900AF77F6 /* TrainList */,
				D4270AB5248BACBE0022A6BB /* Views */,
				D4DEAADB2487D1AF00D33AA2 /* MapViewControllerDelegate.swift */,
				D4DEAADE2487D3B000D33AA2 /* MapViewControllerProtocol.swift */,
				D4DEAAE02487D3E900D33AA2 /* MapEntity.swift */,
				D4DEAAE42487D55A00D33AA2 /* MapViewController.swift */,
				D45C505324883D8800A3D857 /* TrainLocationPin.swift */,
			);
			path = Map;
			sourceTree = "<group>";
		};
		D4DEAAE62487D9E000D33AA2 /* Extensions */ = {
			isa = PBXGroup;
			children = (
				D4DEAAE72487D9F100D33AA2 /* CLLocation+Extension.swift */,
				D4DEAAE92487DA1D00D33AA2 /* Math+Extension.swift */,
			);
			path = Extensions;
			sourceTree = "<group>";
		};
		D4DEAAEB2487DA3B00D33AA2 /* Location */ = {
			isa = PBXGroup;
			children = (
			);
			path = Location;
			sourceTree = "<group>";
		};
		D4EA3D5C24880387003D7469 /* LocationManagerTestUITests */ = {
			isa = PBXGroup;
			children = (
				D4EA3D5D24880387003D7469 /* LocationManagerTestUITests.swift */,
				D4EA3D5F24880387003D7469 /* Info.plist */,
			);
			path = LocationManagerTestUITests;
			sourceTree = "<group>";
		};
		DE099E028417340F4470B39B /* Pods */ = {
			isa = PBXGroup;
			children = (
				D7742B9CD2F560923E7F2079 /* Pods-LocationManagerTest.debug.xcconfig */,
				81DAC181B364BA2179336F19 /* Pods-LocationManagerTest.release.xcconfig */,
				4B5C1FF62A107403676159D6 /* Pods-LocationManagerTest-LocationManagerTestUITests.debug.xcconfig */,
				BFEFB2F185F1EDB86D47F583 /* Pods-LocationManagerTest-LocationManagerTestUITests.release.xcconfig */,
			);
			path = Pods;
			sourceTree = "<group>";
		};
/* End PBXGroup section */

/* Begin PBXNativeTarget section */
		D46292CA248C468B006E638F /* LocationManagerTestTests */ = {
			isa = PBXNativeTarget;
			buildConfigurationList = D46292D2248C468B006E638F /* Build configuration list for PBXNativeTarget "LocationManagerTestTests" */;
			buildPhases = (
				D46292C7248C468B006E638F /* Sources */,
				D46292C8248C468B006E638F /* Frameworks */,
				D46292C9248C468B006E638F /* Resources */,
			);
			buildRules = (
			);
			dependencies = (
				D46292D1248C468B006E638F /* PBXTargetDependency */,
			);
			name = LocationManagerTestTests;
			productName = LocationManagerTestTests;
			productReference = D46292CB248C468B006E638F /* LocationManagerTestTests.xctest */;
			productType = "com.apple.product-type.bundle.unit-test";
		};
		D4DEAAC32487AC1900D33AA2 /* LocationManagerTest */ = {
			isa = PBXNativeTarget;
			buildConfigurationList = D4DEAAD82487AC1E00D33AA2 /* Build configuration list for PBXNativeTarget "LocationManagerTest" */;
			buildPhases = (
				8A6B4ECA5B7D7941FE614C69 /* [CP] Check Pods Manifest.lock */,
				D4DEAAC02487AC1900D33AA2 /* Sources */,
				D4DEAAC12487AC1900D33AA2 /* Frameworks */,
				D4DEAAC22487AC1900D33AA2 /* Resources */,
				38AD2E6949A8B5AA565DC168 /* [CP] Embed Pods Frameworks */,
			);
			buildRules = (
			);
			dependencies = (
			);
			name = LocationManagerTest;
			productName = LocationManagerTest;
			productReference = D4DEAAC42487AC1900D33AA2 /* LocationManagerTest.app */;
			productType = "com.apple.product-type.application";
		};
		D4EA3D5A24880387003D7469 /* LocationManagerTestUITests */ = {
			isa = PBXNativeTarget;
			buildConfigurationList = D4EA3D6224880387003D7469 /* Build configuration list for PBXNativeTarget "LocationManagerTestUITests" */;
			buildPhases = (
				32EA554ADF0C9A113D24ED2C /* [CP] Check Pods Manifest.lock */,
				D4EA3D5724880387003D7469 /* Sources */,
				D4EA3D5824880387003D7469 /* Frameworks */,
				D4EA3D5924880387003D7469 /* Resources */,
				39FBF593B2FDE805B7700A02 /* [CP] Embed Pods Frameworks */,
			);
			buildRules = (
			);
			dependencies = (
				D4EA3D6124880387003D7469 /* PBXTargetDependency */,
			);
			name = LocationManagerTestUITests;
			productName = LocationManagerTestUITests;
			productReference = D4EA3D5B24880387003D7469 /* LocationManagerTestUITests.xctest */;
			productType = "com.apple.product-type.bundle.ui-testing";
		};
/* End PBXNativeTarget section */

/* Begin PBXProject section */
		D4DEAABC2487AC1900D33AA2 /* Project object */ = {
			isa = PBXProject;
			attributes = {
				LastSwiftUpdateCheck = 1150;
				LastUpgradeCheck = 1150;
				ORGANIZATIONNAME = "Philipp Hentschel";
				TargetAttributes = {
					D46292CA248C468B006E638F = {
						CreatedOnToolsVersion = 11.5;
						TestTargetID = D4DEAAC32487AC1900D33AA2;
					};
					D4DEAAC32487AC1900D33AA2 = {
						CreatedOnToolsVersion = 11.5;
					};
					D4EA3D5A24880387003D7469 = {
						CreatedOnToolsVersion = 11.5;
						TestTargetID = D4DEAAC32487AC1900D33AA2;
					};
				};
			};
			buildConfigurationList = D4DEAABF2487AC1900D33AA2 /* Build configuration list for PBXProject "LocationManagerTest" */;
			compatibilityVersion = "Xcode 9.3";
			developmentRegion = en;
			hasScannedForEncodings = 0;
			knownRegions = (
				en,
				Base,
			);
			mainGroup = D4DEAABB2487AC1900D33AA2;
			productRefGroup = D4DEAAC52487AC1900D33AA2 /* Products */;
			projectDirPath = "";
			projectRoot = "";
			targets = (
				D4DEAAC32487AC1900D33AA2 /* LocationManagerTest */,
				D4EA3D5A24880387003D7469 /* LocationManagerTestUITests */,
				D46292CA248C468B006E638F /* LocationManagerTestTests */,
			);
		};
/* End PBXProject section */

/* Begin PBXResourcesBuildPhase section */
		D46292C9248C468B006E638F /* Resources */ = {
			isa = PBXResourcesBuildPhase;
			buildActionMask = 2147483647;
			files = (
			);
			runOnlyForDeploymentPostprocessing = 0;
		};
		D4DEAAC22487AC1900D33AA2 /* Resources */ = {
			isa = PBXResourcesBuildPhase;
			buildActionMask = 2147483647;
			files = (
				D4DEAAD42487AC1E00D33AA2 /* LaunchScreen.storyboard in Resources */,
				D4270AB9248BAD170022A6BB /* TrainView.xib in Resources */,
				D4DEAAD12487AC1E00D33AA2 /* Assets.xcassets in Resources */,
				D45C505F2488F22800A3D857 /* data2 in Resources */,
				D4EA3D66248803DC003D7469 /* hafas_test_json.json in Resources */,
				D4DEAACF2487AC1900D33AA2 /* Main.storyboard in Resources */,
				D45C50652489266600A3D857 /* trip_test in Resources */,
			);
			runOnlyForDeploymentPostprocessing = 0;
		};
		D4EA3D5924880387003D7469 /* Resources */ = {
			isa = PBXResourcesBuildPhase;
			buildActionMask = 2147483647;
			files = (
				D4EA3D672488063E003D7469 /* hafas_test_json.json in Resources */,
			);
			runOnlyForDeploymentPostprocessing = 0;
		};
/* End PBXResourcesBuildPhase section */

/* Begin PBXShellScriptBuildPhase section */
		32EA554ADF0C9A113D24ED2C /* [CP] Check Pods Manifest.lock */ = {
			isa = PBXShellScriptBuildPhase;
			buildActionMask = 2147483647;
			files = (
			);
			inputFileListPaths = (
			);
			inputPaths = (
				"${PODS_PODFILE_DIR_PATH}/Podfile.lock",
				"${PODS_ROOT}/Manifest.lock",
			);
			name = "[CP] Check Pods Manifest.lock";
			outputFileListPaths = (
			);
			outputPaths = (
				"$(DERIVED_FILE_DIR)/Pods-LocationManagerTest-LocationManagerTestUITests-checkManifestLockResult.txt",
			);
			runOnlyForDeploymentPostprocessing = 0;
			shellPath = /bin/sh;
			shellScript = "diff \"${PODS_PODFILE_DIR_PATH}/Podfile.lock\" \"${PODS_ROOT}/Manifest.lock\" > /dev/null\nif [ $? != 0 ] ; then\n    # print error to STDERR\n    echo \"error: The sandbox is not in sync with the Podfile.lock. Run 'pod install' or update your CocoaPods installation.\" >&2\n    exit 1\nfi\n# This output is used by Xcode 'outputs' to avoid re-running this script phase.\necho \"SUCCESS\" > \"${SCRIPT_OUTPUT_FILE_0}\"\n";
			showEnvVarsInLog = 0;
		};
		38AD2E6949A8B5AA565DC168 /* [CP] Embed Pods Frameworks */ = {
			isa = PBXShellScriptBuildPhase;
			buildActionMask = 2147483647;
			files = (
			);
			inputFileListPaths = (
				"${PODS_ROOT}/Target Support Files/Pods-LocationManagerTest/Pods-LocationManagerTest-frameworks-${CONFIGURATION}-input-files.xcfilelist",
			);
			name = "[CP] Embed Pods Frameworks";
			outputFileListPaths = (
				"${PODS_ROOT}/Target Support Files/Pods-LocationManagerTest/Pods-LocationManagerTest-frameworks-${CONFIGURATION}-output-files.xcfilelist",
			);
			runOnlyForDeploymentPostprocessing = 0;
			shellPath = /bin/sh;
			shellScript = "\"${PODS_ROOT}/Target Support Files/Pods-LocationManagerTest/Pods-LocationManagerTest-frameworks.sh\"\n";
			showEnvVarsInLog = 0;
		};
		39FBF593B2FDE805B7700A02 /* [CP] Embed Pods Frameworks */ = {
			isa = PBXShellScriptBuildPhase;
			buildActionMask = 2147483647;
			files = (
			);
			inputFileListPaths = (
				"${PODS_ROOT}/Target Support Files/Pods-LocationManagerTest-LocationManagerTestUITests/Pods-LocationManagerTest-LocationManagerTestUITests-frameworks-${CONFIGURATION}-input-files.xcfilelist",
			);
			name = "[CP] Embed Pods Frameworks";
			outputFileListPaths = (
				"${PODS_ROOT}/Target Support Files/Pods-LocationManagerTest-LocationManagerTestUITests/Pods-LocationManagerTest-LocationManagerTestUITests-frameworks-${CONFIGURATION}-output-files.xcfilelist",
			);
			runOnlyForDeploymentPostprocessing = 0;
			shellPath = /bin/sh;
			shellScript = "\"${PODS_ROOT}/Target Support Files/Pods-LocationManagerTest-LocationManagerTestUITests/Pods-LocationManagerTest-LocationManagerTestUITests-frameworks.sh\"\n";
			showEnvVarsInLog = 0;
		};
		8A6B4ECA5B7D7941FE614C69 /* [CP] Check Pods Manifest.lock */ = {
			isa = PBXShellScriptBuildPhase;
			buildActionMask = 2147483647;
			files = (
			);
			inputFileListPaths = (
			);
			inputPaths = (
				"${PODS_PODFILE_DIR_PATH}/Podfile.lock",
				"${PODS_ROOT}/Manifest.lock",
			);
			name = "[CP] Check Pods Manifest.lock";
			outputFileListPaths = (
			);
			outputPaths = (
				"$(DERIVED_FILE_DIR)/Pods-LocationManagerTest-checkManifestLockResult.txt",
			);
			runOnlyForDeploymentPostprocessing = 0;
			shellPath = /bin/sh;
			shellScript = "diff \"${PODS_PODFILE_DIR_PATH}/Podfile.lock\" \"${PODS_ROOT}/Manifest.lock\" > /dev/null\nif [ $? != 0 ] ; then\n    # print error to STDERR\n    echo \"error: The sandbox is not in sync with the Podfile.lock. Run 'pod install' or update your CocoaPods installation.\" >&2\n    exit 1\nfi\n# This output is used by Xcode 'outputs' to avoid re-running this script phase.\necho \"SUCCESS\" > \"${SCRIPT_OUTPUT_FILE_0}\"\n";
			showEnvVarsInLog = 0;
		};
/* End PBXShellScriptBuildPhase section */

/* Begin PBXSourcesBuildPhase section */
		D46292C7248C468B006E638F /* Sources */ = {
			isa = PBXSourcesBuildPhase;
			buildActionMask = 2147483647;
			files = (
				D46292CE248C468B006E638F /* LocationManagerTestTests.swift in Sources */,
			);
			runOnlyForDeploymentPostprocessing = 0;
		};
		D4DEAAC02487AC1900D33AA2 /* Sources */ = {
			isa = PBXSourcesBuildPhase;
			buildActionMask = 2147483647;
			files = (
				D4270AB1248A71620022A6BB /* File.swift in Sources */,
				D45C505424883D8800A3D857 /* TrainLocationPin.swift in Sources */,
				D4DEAACC2487AC1900D33AA2 /* ViewController.swift in Sources */,
				D45C506E2489396200A3D857 /* TrainLocationProtocol.swift in Sources */,
				D45C507124893F4900A3D857 /* RadarTrip.swift in Sources */,
				D4DEAAE12487D3EA00D33AA2 /* MapEntity.swift in Sources */,
				D45C505D2488E8CB00A3D857 /* MockTrainDataRadarProvider.swift in Sources */,
				D4DEAAC82487AC1900D33AA2 /* AppDelegate.swift in Sources */,
				D45C505A2488E70A00A3D857 /* TrainDataProviderProtocol.swift in Sources */,
				D45C50732489414C00A3D857 /* JourneyTrip.swift in Sources */,
				D4270ABC248BDEAE0022A6BB /* TrainLocationTripByTimeFrameController.swift in Sources */,
				D4DEAADC2487D1AF00D33AA2 /* MapViewControllerDelegate.swift in Sources */,
				D4C22BF0248E9D1700FB7120 /* HafasDTOs.swift in Sources */,
				D46B6B5A248EB28A00AF77F6 /* NetworkTrainDataTimeFrameProvider.swift in Sources */,
				D4270AC7248C439B0022A6BB /* TransportRestProvider.swift in Sources */,
				D4AF2004248825B20075F327 /* TrainLocationRadarController.swift in Sources */,
				D4270ABA248BDE550022A6BB /* TrainLocationTripAnimationTimeController.swift in Sources */,
				D4AF20012488239D0075F327 /* Journey.swift in Sources */,
				D4270AB4248A8F770022A6BB /* HafasParser.swift in Sources */,
				D4DEAADF2487D3B000D33AA2 /* MapViewControllerProtocol.swift in Sources */,
				D4270ABE248BDF5C0022A6BB /* TimeFrameTrip.swift in Sources */,
				D4270AC0248BE1D80022A6BB /* MockTrainDataTimeFrameProvider.swift in Sources */,
				D45C506324891D1400A3D857 /* MockTrainDataJourneyProvider.swift in Sources */,
				D46B6B5F2490211500AF77F6 /* TrainOverviewCell.swift in Sources */,
				D46B6B5D2490195200AF77F6 /* TrainViewList.swift in Sources */,
				D45C5075248A51EB00A3D857 /* TripProvider.swift in Sources */,
				D45C506924892CC900A3D857 /* TrainLocationProxy.swift in Sources */,
				D4DEAAEA2487DA1D00D33AA2 /* Math+Extension.swift in Sources */,
				D4270AB7248BACD10022A6BB /* TrainAnnotation.swift in Sources */,
				D4AF5163248D2E3800C9D7BE /* DateUtils.swift in Sources */,
				D45C505024882C3C00A3D857 /* TrainLocationDelegate.swift in Sources */,
				D4DEAAE82487D9F100D33AA2 /* CLLocation+Extension.swift in Sources */,
				D45C50572488E27400A3D857 /* AppConstants.swift in Sources */,
				D4DEAACA2487AC1900D33AA2 /* SceneDelegate.swift in Sources */,
				D45C506124891B9100A3D857 /* Trip.swift in Sources */,
				D4DEAAE52487D55A00D33AA2 /* MapViewController.swift in Sources */,
			);
			runOnlyForDeploymentPostprocessing = 0;
		};
		D4EA3D5724880387003D7469 /* Sources */ = {
			isa = PBXSourcesBuildPhase;
			buildActionMask = 2147483647;
			files = (
				D4EA3D5E24880387003D7469 /* LocationManagerTestUITests.swift in Sources */,
				D46292D5248C4735006E638F /* MapEntity.swift in Sources */,
			);
			runOnlyForDeploymentPostprocessing = 0;
		};
/* End PBXSourcesBuildPhase section */

/* Begin PBXTargetDependency section */
		D46292D1248C468B006E638F /* PBXTargetDependency */ = {
			isa = PBXTargetDependency;
			target = D4DEAAC32487AC1900D33AA2 /* LocationManagerTest */;
			targetProxy = D46292D0248C468B006E638F /* PBXContainerItemProxy */;
		};
		D4EA3D6124880387003D7469 /* PBXTargetDependency */ = {
			isa = PBXTargetDependency;
			target = D4DEAAC32487AC1900D33AA2 /* LocationManagerTest */;
			targetProxy = D4EA3D6024880387003D7469 /* PBXContainerItemProxy */;
		};
/* End PBXTargetDependency section */

/* Begin PBXVariantGroup section */
		D4DEAACD2487AC1900D33AA2 /* Main.storyboard */ = {
			isa = PBXVariantGroup;
			children = (
				D4DEAACE2487AC1900D33AA2 /* Base */,
			);
			name = Main.storyboard;
			sourceTree = "<group>";
		};
		D4DEAAD22487AC1E00D33AA2 /* LaunchScreen.storyboard */ = {
			isa = PBXVariantGroup;
			children = (
				D4DEAAD32487AC1E00D33AA2 /* Base */,
			);
			name = LaunchScreen.storyboard;
			sourceTree = "<group>";
		};
/* End PBXVariantGroup section */

/* Begin XCBuildConfiguration section */
		D46292D3248C468B006E638F /* Debug */ = {
			isa = XCBuildConfiguration;
			buildSettings = {
				BUNDLE_LOADER = "$(TEST_HOST)";
				CODE_SIGN_STYLE = Automatic;
				DEVELOPMENT_TEAM = 682WVA5N96;
				INFOPLIST_FILE = LocationManagerTestTests/Info.plist;
				IPHONEOS_DEPLOYMENT_TARGET = 13.0;
				LD_RUNPATH_SEARCH_PATHS = (
					"$(inherited)",
					"@executable_path/Frameworks",
					"@loader_path/Frameworks",
				);
				PRODUCT_BUNDLE_IDENTIFIER = de.f1ndus.LocationManagerTestTests;
				PRODUCT_NAME = "$(TARGET_NAME)";
				SWIFT_VERSION = 5.0;
				TARGETED_DEVICE_FAMILY = "1,2";
				TEST_HOST = "$(BUILT_PRODUCTS_DIR)/LocationManagerTest.app/LocationManagerTest";
			};
			name = Debug;
		};
		D46292D4248C468B006E638F /* Release */ = {
			isa = XCBuildConfiguration;
			buildSettings = {
				BUNDLE_LOADER = "$(TEST_HOST)";
				CODE_SIGN_STYLE = Automatic;
				DEVELOPMENT_TEAM = 682WVA5N96;
				INFOPLIST_FILE = LocationManagerTestTests/Info.plist;
				IPHONEOS_DEPLOYMENT_TARGET = 13.0;
				LD_RUNPATH_SEARCH_PATHS = (
					"$(inherited)",
					"@executable_path/Frameworks",
					"@loader_path/Frameworks",
				);
				PRODUCT_BUNDLE_IDENTIFIER = de.f1ndus.LocationManagerTestTests;
				PRODUCT_NAME = "$(TARGET_NAME)";
				SWIFT_VERSION = 5.0;
				TARGETED_DEVICE_FAMILY = "1,2";
				TEST_HOST = "$(BUILT_PRODUCTS_DIR)/LocationManagerTest.app/LocationManagerTest";
			};
			name = Release;
		};
		D4DEAAD62487AC1E00D33AA2 /* Debug */ = {
			isa = XCBuildConfiguration;
			buildSettings = {
				ALWAYS_SEARCH_USER_PATHS = NO;
				CLANG_ANALYZER_NONNULL = YES;
				CLANG_ANALYZER_NUMBER_OBJECT_CONVERSION = YES_AGGRESSIVE;
				CLANG_CXX_LANGUAGE_STANDARD = "gnu++14";
				CLANG_CXX_LIBRARY = "libc++";
				CLANG_ENABLE_MODULES = YES;
				CLANG_ENABLE_OBJC_ARC = YES;
				CLANG_ENABLE_OBJC_WEAK = YES;
				CLANG_WARN_BLOCK_CAPTURE_AUTORELEASING = YES;
				CLANG_WARN_BOOL_CONVERSION = YES;
				CLANG_WARN_COMMA = YES;
				CLANG_WARN_CONSTANT_CONVERSION = YES;
				CLANG_WARN_DEPRECATED_OBJC_IMPLEMENTATIONS = YES;
				CLANG_WARN_DIRECT_OBJC_ISA_USAGE = YES_ERROR;
				CLANG_WARN_DOCUMENTATION_COMMENTS = YES;
				CLANG_WARN_EMPTY_BODY = YES;
				CLANG_WARN_ENUM_CONVERSION = YES;
				CLANG_WARN_INFINITE_RECURSION = YES;
				CLANG_WARN_INT_CONVERSION = YES;
				CLANG_WARN_NON_LITERAL_NULL_CONVERSION = YES;
				CLANG_WARN_OBJC_IMPLICIT_RETAIN_SELF = YES;
				CLANG_WARN_OBJC_LITERAL_CONVERSION = YES;
				CLANG_WARN_OBJC_ROOT_CLASS = YES_ERROR;
				CLANG_WARN_RANGE_LOOP_ANALYSIS = YES;
				CLANG_WARN_STRICT_PROTOTYPES = YES;
				CLANG_WARN_SUSPICIOUS_MOVE = YES;
				CLANG_WARN_UNGUARDED_AVAILABILITY = YES_AGGRESSIVE;
				CLANG_WARN_UNREACHABLE_CODE = YES;
				CLANG_WARN__DUPLICATE_METHOD_MATCH = YES;
				COPY_PHASE_STRIP = NO;
				DEBUG_INFORMATION_FORMAT = dwarf;
				ENABLE_STRICT_OBJC_MSGSEND = YES;
				ENABLE_TESTABILITY = YES;
				GCC_C_LANGUAGE_STANDARD = gnu11;
				GCC_DYNAMIC_NO_PIC = NO;
				GCC_NO_COMMON_BLOCKS = YES;
				GCC_OPTIMIZATION_LEVEL = 0;
				GCC_PREPROCESSOR_DEFINITIONS = (
					"DEBUG=1",
					"$(inherited)",
				);
				GCC_WARN_64_TO_32_BIT_CONVERSION = YES;
				GCC_WARN_ABOUT_RETURN_TYPE = YES_ERROR;
				GCC_WARN_UNDECLARED_SELECTOR = YES;
				GCC_WARN_UNINITIALIZED_AUTOS = YES_AGGRESSIVE;
				GCC_WARN_UNUSED_FUNCTION = YES;
				GCC_WARN_UNUSED_VARIABLE = YES;
				IPHONEOS_DEPLOYMENT_TARGET = 13.0;
				MTL_ENABLE_DEBUG_INFO = INCLUDE_SOURCE;
				MTL_FAST_MATH = YES;
				ONLY_ACTIVE_ARCH = YES;
				SDKROOT = iphoneos;
				SWIFT_ACTIVE_COMPILATION_CONDITIONS = DEBUG;
				SWIFT_OPTIMIZATION_LEVEL = "-Onone";
			};
			name = Debug;
		};
		D4DEAAD72487AC1E00D33AA2 /* Release */ = {
			isa = XCBuildConfiguration;
			buildSettings = {
				ALWAYS_SEARCH_USER_PATHS = NO;
				CLANG_ANALYZER_NONNULL = YES;
				CLANG_ANALYZER_NUMBER_OBJECT_CONVERSION = YES_AGGRESSIVE;
				CLANG_CXX_LANGUAGE_STANDARD = "gnu++14";
				CLANG_CXX_LIBRARY = "libc++";
				CLANG_ENABLE_MODULES = YES;
				CLANG_ENABLE_OBJC_ARC = YES;
				CLANG_ENABLE_OBJC_WEAK = YES;
				CLANG_WARN_BLOCK_CAPTURE_AUTORELEASING = YES;
				CLANG_WARN_BOOL_CONVERSION = YES;
				CLANG_WARN_COMMA = YES;
				CLANG_WARN_CONSTANT_CONVERSION = YES;
				CLANG_WARN_DEPRECATED_OBJC_IMPLEMENTATIONS = YES;
				CLANG_WARN_DIRECT_OBJC_ISA_USAGE = YES_ERROR;
				CLANG_WARN_DOCUMENTATION_COMMENTS = YES;
				CLANG_WARN_EMPTY_BODY = YES;
				CLANG_WARN_ENUM_CONVERSION = YES;
				CLANG_WARN_INFINITE_RECURSION = YES;
				CLANG_WARN_INT_CONVERSION = YES;
				CLANG_WARN_NON_LITERAL_NULL_CONVERSION = YES;
				CLANG_WARN_OBJC_IMPLICIT_RETAIN_SELF = YES;
				CLANG_WARN_OBJC_LITERAL_CONVERSION = YES;
				CLANG_WARN_OBJC_ROOT_CLASS = YES_ERROR;
				CLANG_WARN_RANGE_LOOP_ANALYSIS = YES;
				CLANG_WARN_STRICT_PROTOTYPES = YES;
				CLANG_WARN_SUSPICIOUS_MOVE = YES;
				CLANG_WARN_UNGUARDED_AVAILABILITY = YES_AGGRESSIVE;
				CLANG_WARN_UNREACHABLE_CODE = YES;
				CLANG_WARN__DUPLICATE_METHOD_MATCH = YES;
				COPY_PHASE_STRIP = NO;
				DEBUG_INFORMATION_FORMAT = "dwarf-with-dsym";
				ENABLE_NS_ASSERTIONS = NO;
				ENABLE_STRICT_OBJC_MSGSEND = YES;
				GCC_C_LANGUAGE_STANDARD = gnu11;
				GCC_NO_COMMON_BLOCKS = YES;
				GCC_WARN_64_TO_32_BIT_CONVERSION = YES;
				GCC_WARN_ABOUT_RETURN_TYPE = YES_ERROR;
				GCC_WARN_UNDECLARED_SELECTOR = YES;
				GCC_WARN_UNINITIALIZED_AUTOS = YES_AGGRESSIVE;
				GCC_WARN_UNUSED_FUNCTION = YES;
				GCC_WARN_UNUSED_VARIABLE = YES;
				IPHONEOS_DEPLOYMENT_TARGET = 13.0;
				MTL_ENABLE_DEBUG_INFO = NO;
				MTL_FAST_MATH = YES;
				SDKROOT = iphoneos;
				SWIFT_COMPILATION_MODE = wholemodule;
				SWIFT_OPTIMIZATION_LEVEL = "-O";
				VALIDATE_PRODUCT = YES;
			};
			name = Release;
		};
		D4DEAAD92487AC1E00D33AA2 /* Debug */ = {
			isa = XCBuildConfiguration;
			baseConfigurationReference = D7742B9CD2F560923E7F2079 /* Pods-LocationManagerTest.debug.xcconfig */;
			buildSettings = {
				ASSETCATALOG_COMPILER_APPICON_NAME = AppIcon;
				CODE_SIGN_STYLE = Automatic;
				DEVELOPMENT_TEAM = 682WVA5N96;
				INFOPLIST_FILE = LocationManagerTest/Info.plist;
				LD_RUNPATH_SEARCH_PATHS = (
					"$(inherited)",
					"@executable_path/Frameworks",
				);
				PRODUCT_BUNDLE_IDENTIFIER = de.f1ndus.LocationManagerTest;
				PRODUCT_NAME = "$(TARGET_NAME)";
				SWIFT_VERSION = 5.0;
				TARGETED_DEVICE_FAMILY = "1,2";
			};
			name = Debug;
		};
		D4DEAADA2487AC1E00D33AA2 /* Release */ = {
			isa = XCBuildConfiguration;
			baseConfigurationReference = 81DAC181B364BA2179336F19 /* Pods-LocationManagerTest.release.xcconfig */;
			buildSettings = {
				ASSETCATALOG_COMPILER_APPICON_NAME = AppIcon;
				CODE_SIGN_STYLE = Automatic;
				DEVELOPMENT_TEAM = 682WVA5N96;
				INFOPLIST_FILE = LocationManagerTest/Info.plist;
				LD_RUNPATH_SEARCH_PATHS = (
					"$(inherited)",
					"@executable_path/Frameworks",
				);
				PRODUCT_BUNDLE_IDENTIFIER = de.f1ndus.LocationManagerTest;
				PRODUCT_NAME = "$(TARGET_NAME)";
				SWIFT_VERSION = 5.0;
				TARGETED_DEVICE_FAMILY = "1,2";
			};
			name = Release;
		};
		D4EA3D6324880387003D7469 /* Debug */ = {
			isa = XCBuildConfiguration;
			baseConfigurationReference = 4B5C1FF62A107403676159D6 /* Pods-LocationManagerTest-LocationManagerTestUITests.debug.xcconfig */;
			buildSettings = {
				CODE_SIGN_STYLE = Automatic;
				DEVELOPMENT_TEAM = 682WVA5N96;
				INFOPLIST_FILE = LocationManagerTestUITests/Info.plist;
				IPHONEOS_DEPLOYMENT_TARGET = 13.0;
				LD_RUNPATH_SEARCH_PATHS = (
					"$(inherited)",
					"@executable_path/Frameworks",
					"@loader_path/Frameworks",
				);
				PRODUCT_BUNDLE_IDENTIFIER = de.f1ndus.LocationManagerTestUITests;
				PRODUCT_NAME = "$(TARGET_NAME)";
				SWIFT_VERSION = 5.0;
				TARGETED_DEVICE_FAMILY = "1,2";
				TEST_TARGET_NAME = LocationManagerTest;
			};
			name = Debug;
		};
		D4EA3D6424880387003D7469 /* Release */ = {
			isa = XCBuildConfiguration;
			baseConfigurationReference = BFEFB2F185F1EDB86D47F583 /* Pods-LocationManagerTest-LocationManagerTestUITests.release.xcconfig */;
			buildSettings = {
				CODE_SIGN_STYLE = Automatic;
				DEVELOPMENT_TEAM = 682WVA5N96;
				INFOPLIST_FILE = LocationManagerTestUITests/Info.plist;
				IPHONEOS_DEPLOYMENT_TARGET = 13.0;
				LD_RUNPATH_SEARCH_PATHS = (
					"$(inherited)",
					"@executable_path/Frameworks",
					"@loader_path/Frameworks",
				);
				PRODUCT_BUNDLE_IDENTIFIER = de.f1ndus.LocationManagerTestUITests;
				PRODUCT_NAME = "$(TARGET_NAME)";
				SWIFT_VERSION = 5.0;
				TARGETED_DEVICE_FAMILY = "1,2";
				TEST_TARGET_NAME = LocationManagerTest;
			};
			name = Release;
		};
/* End XCBuildConfiguration section */

/* Begin XCConfigurationList section */
		D46292D2248C468B006E638F /* Build configuration list for PBXNativeTarget "LocationManagerTestTests" */ = {
			isa = XCConfigurationList;
			buildConfigurations = (
				D46292D3248C468B006E638F /* Debug */,
				D46292D4248C468B006E638F /* Release */,
			);
			defaultConfigurationIsVisible = 0;
			defaultConfigurationName = Release;
		};
		D4DEAABF2487AC1900D33AA2 /* Build configuration list for PBXProject "LocationManagerTest" */ = {
			isa = XCConfigurationList;
			buildConfigurations = (
				D4DEAAD62487AC1E00D33AA2 /* Debug */,
				D4DEAAD72487AC1E00D33AA2 /* Release */,
			);
			defaultConfigurationIsVisible = 0;
			defaultConfigurationName = Release;
		};
		D4DEAAD82487AC1E00D33AA2 /* Build configuration list for PBXNativeTarget "LocationManagerTest" */ = {
			isa = XCConfigurationList;
			buildConfigurations = (
				D4DEAAD92487AC1E00D33AA2 /* Debug */,
				D4DEAADA2487AC1E00D33AA2 /* Release */,
			);
			defaultConfigurationIsVisible = 0;
			defaultConfigurationName = Release;
		};
		D4EA3D6224880387003D7469 /* Build configuration list for PBXNativeTarget "LocationManagerTestUITests" */ = {
			isa = XCConfigurationList;
			buildConfigurations = (
				D4EA3D6324880387003D7469 /* Debug */,
				D4EA3D6424880387003D7469 /* Release */,
			);
			defaultConfigurationIsVisible = 0;
			defaultConfigurationName = Release;
		};
/* End XCConfigurationList section */
	};
	rootObject = D4DEAABC2487AC1900D33AA2 /* Project object */;
}
