// !$*UTF8*$!
{
	archiveVersion = 1;
	classes = {
	};
	objectVersion = 50;
	objects = {

/* Begin PBXBuildFile section */
		D4DEAAC82487AC1900D33AA2 /* AppDelegate.swift in Sources */ = {isa = PBXBuildFile; fileRef = D4DEAAC72487AC1900D33AA2 /* AppDelegate.swift */; };
		D4DEAACA2487AC1900D33AA2 /* SceneDelegate.swift in Sources */ = {isa = PBXBuildFile; fileRef = D4DEAAC92487AC1900D33AA2 /* SceneDelegate.swift */; };
		D4DEAACC2487AC1900D33AA2 /* ViewController.swift in Sources */ = {isa = PBXBuildFile; fileRef = D4DEAACB2487AC1900D33AA2 /* ViewController.swift */; };
		D4DEAACF2487AC1900D33AA2 /* Main.storyboard in Resources */ = {isa = PBXBuildFile; fileRef = D4DEAACD2487AC1900D33AA2 /* Main.storyboard */; };
		D4DEAAD12487AC1E00D33AA2 /* Assets.xcassets in Resources */ = {isa = PBXBuildFile; fileRef = D4DEAAD02487AC1E00D33AA2 /* Assets.xcassets */; };
		D4DEAAD42487AC1E00D33AA2 /* LaunchScreen.storyboard in Resources */ = {isa = PBXBuildFile; fileRef = D4DEAAD22487AC1E00D33AA2 /* LaunchScreen.storyboard */; };
		D4DEAADC2487D1AF00D33AA2 /* MapViewControllerDelegate.swift in Sources */ = {isa = PBXBuildFile; fileRef = D4DEAADB2487D1AF00D33AA2 /* MapViewControllerDelegate.swift */; };
		D4DEAADF2487D3B000D33AA2 /* MapViewControllerProtocol.swift in Sources */ = {isa = PBXBuildFile; fileRef = D4DEAADE2487D3B000D33AA2 /* MapViewControllerProtocol.swift */; };
		D4DEAAE12487D3EA00D33AA2 /* MapEntity.swift in Sources */ = {isa = PBXBuildFile; fileRef = D4DEAAE02487D3E900D33AA2 /* MapEntity.swift */; };
		D4DEAAE52487D55A00D33AA2 /* MapViewController.swift in Sources */ = {isa = PBXBuildFile; fileRef = D4DEAAE42487D55A00D33AA2 /* MapViewController.swift */; };
		D4DEAAE82487D9F100D33AA2 /* CLLocation+Extension.swift in Sources */ = {isa = PBXBuildFile; fileRef = D4DEAAE72487D9F100D33AA2 /* CLLocation+Extension.swift */; };
		D4DEAAEA2487DA1D00D33AA2 /* Math+Extension.swift in Sources */ = {isa = PBXBuildFile; fileRef = D4DEAAE92487DA1D00D33AA2 /* Math+Extension.swift */; };
/* End PBXBuildFile section */

/* Begin PBXFileReference section */
		D4DEAAC42487AC1900D33AA2 /* LocationManagerTest.app */ = {isa = PBXFileReference; explicitFileType = wrapper.application; includeInIndex = 0; path = LocationManagerTest.app; sourceTree = BUILT_PRODUCTS_DIR; };
		D4DEAAC72487AC1900D33AA2 /* AppDelegate.swift */ = {isa = PBXFileReference; lastKnownFileType = sourcecode.swift; path = AppDelegate.swift; sourceTree = "<group>"; };
		D4DEAAC92487AC1900D33AA2 /* SceneDelegate.swift */ = {isa = PBXFileReference; lastKnownFileType = sourcecode.swift; path = SceneDelegate.swift; sourceTree = "<group>"; };
		D4DEAACB2487AC1900D33AA2 /* ViewController.swift */ = {isa = PBXFileReference; lastKnownFileType = sourcecode.swift; path = ViewController.swift; sourceTree = "<group>"; };
		D4DEAACE2487AC1900D33AA2 /* Base */ = {isa = PBXFileReference; lastKnownFileType = file.storyboard; name = Base; path = Base.lproj/Main.storyboard; sourceTree = "<group>"; };
		D4DEAAD02487AC1E00D33AA2 /* Assets.xcassets */ = {isa = PBXFileReference; lastKnownFileType = folder.assetcatalog; path = Assets.xcassets; sourceTree = "<group>"; };
		D4DEAAD32487AC1E00D33AA2 /* Base */ = {isa = PBXFileReference; lastKnownFileType = file.storyboard; name = Base; path = Base.lproj/LaunchScreen.storyboard; sourceTree = "<group>"; };
		D4DEAAD52487AC1E00D33AA2 /* Info.plist */ = {isa = PBXFileReference; lastKnownFileType = text.plist.xml; path = Info.plist; sourceTree = "<group>"; };
		D4DEAADB2487D1AF00D33AA2 /* MapViewControllerDelegate.swift */ = {isa = PBXFileReference; lastKnownFileType = sourcecode.swift; path = MapViewControllerDelegate.swift; sourceTree = "<group>"; };
		D4DEAADE2487D3B000D33AA2 /* MapViewControllerProtocol.swift */ = {isa = PBXFileReference; lastKnownFileType = sourcecode.swift; path = MapViewControllerProtocol.swift; sourceTree = "<group>"; };
		D4DEAAE02487D3E900D33AA2 /* MapEntity.swift */ = {isa = PBXFileReference; lastKnownFileType = sourcecode.swift; path = MapEntity.swift; sourceTree = "<group>"; };
		D4DEAAE42487D55A00D33AA2 /* MapViewController.swift */ = {isa = PBXFileReference; lastKnownFileType = sourcecode.swift; path = MapViewController.swift; sourceTree = "<group>"; };
		D4DEAAE72487D9F100D33AA2 /* CLLocation+Extension.swift */ = {isa = PBXFileReference; lastKnownFileType = sourcecode.swift; path = "CLLocation+Extension.swift"; sourceTree = "<group>"; };
		D4DEAAE92487DA1D00D33AA2 /* Math+Extension.swift */ = {isa = PBXFileReference; lastKnownFileType = sourcecode.swift; path = "Math+Extension.swift"; sourceTree = "<group>"; };
/* End PBXFileReference section */

/* Begin PBXFrameworksBuildPhase section */
		D4DEAAC12487AC1900D33AA2 /* Frameworks */ = {
			isa = PBXFrameworksBuildPhase;
			buildActionMask = 2147483647;
			files = (
			);
			runOnlyForDeploymentPostprocessing = 0;
		};
/* End PBXFrameworksBuildPhase section */

/* Begin PBXGroup section */
		D4DEAABB2487AC1900D33AA2 = {
			isa = PBXGroup;
			children = (
				D4DEAAC62487AC1900D33AA2 /* LocationManagerTest */,
				D4DEAAC52487AC1900D33AA2 /* Products */,
			);
			sourceTree = "<group>";
		};
		D4DEAAC52487AC1900D33AA2 /* Products */ = {
			isa = PBXGroup;
			children = (
				D4DEAAC42487AC1900D33AA2 /* LocationManagerTest.app */,
			);
			name = Products;
			sourceTree = "<group>";
		};
		D4DEAAC62487AC1900D33AA2 /* LocationManagerTest */ = {
			isa = PBXGroup;
			children = (
				D4DEAAEB2487DA3B00D33AA2 /* Location */,
				D4DEAAE62487D9E000D33AA2 /* Extensions */,
				D4DEAADD2487D1DB00D33AA2 /* Map */,
				D4DEAAC72487AC1900D33AA2 /* AppDelegate.swift */,
				D4DEAAC92487AC1900D33AA2 /* SceneDelegate.swift */,
				D4DEAACB2487AC1900D33AA2 /* ViewController.swift */,
				D4DEAACD2487AC1900D33AA2 /* Main.storyboard */,
				D4DEAAD02487AC1E00D33AA2 /* Assets.xcassets */,
				D4DEAAD22487AC1E00D33AA2 /* LaunchScreen.storyboard */,
				D4DEAAD52487AC1E00D33AA2 /* Info.plist */,
			);
			path = LocationManagerTest;
			sourceTree = "<group>";
		};
		D4DEAADD2487D1DB00D33AA2 /* Map */ = {
			isa = PBXGroup;
			children = (
				D4DEAADB2487D1AF00D33AA2 /* MapViewControllerDelegate.swift */,
				D4DEAADE2487D3B000D33AA2 /* MapViewControllerProtocol.swift */,
				D4DEAAE02487D3E900D33AA2 /* MapEntity.swift */,
				D4DEAAE42487D55A00D33AA2 /* MapViewController.swift */,
			);
			path = Map;
			sourceTree = "<group>";
		};
		D4DEAAE62487D9E000D33AA2 /* Extensions */ = {
			isa = PBXGroup;
			children = (
				D4DEAAE72487D9F100D33AA2 /* CLLocation+Extension.swift */,
				D4DEAAE92487DA1D00D33AA2 /* Math+Extension.swift */,
			);
			path = Extensions;
			sourceTree = "<group>";
		};
		D4DEAAEB2487DA3B00D33AA2 /* Location */ = {
			isa = PBXGroup;
			children = (
			);
			path = Location;
			sourceTree = "<group>";
		};
/* End PBXGroup section */

/* Begin PBXNativeTarget section */
		D4DEAAC32487AC1900D33AA2 /* LocationManagerTest */ = {
			isa = PBXNativeTarget;
			buildConfigurationList = D4DEAAD82487AC1E00D33AA2 /* Build configuration list for PBXNativeTarget "LocationManagerTest" */;
			buildPhases = (
				D4DEAAC02487AC1900D33AA2 /* Sources */,
				D4DEAAC12487AC1900D33AA2 /* Frameworks */,
				D4DEAAC22487AC1900D33AA2 /* Resources */,
			);
			buildRules = (
			);
			dependencies = (
			);
			name = LocationManagerTest;
			productName = LocationManagerTest;
			productReference = D4DEAAC42487AC1900D33AA2 /* LocationManagerTest.app */;
			productType = "com.apple.product-type.application";
		};
/* End PBXNativeTarget section */

/* Begin PBXProject section */
		D4DEAABC2487AC1900D33AA2 /* Project object */ = {
			isa = PBXProject;
			attributes = {
				LastSwiftUpdateCheck = 1150;
				LastUpgradeCheck = 1150;
				ORGANIZATIONNAME = "Philipp Hentschel";
				TargetAttributes = {
					D4DEAAC32487AC1900D33AA2 = {
						CreatedOnToolsVersion = 11.5;
					};
				};
			};
			buildConfigurationList = D4DEAABF2487AC1900D33AA2 /* Build configuration list for PBXProject "LocationManagerTest" */;
			compatibilityVersion = "Xcode 9.3";
			developmentRegion = en;
			hasScannedForEncodings = 0;
			knownRegions = (
				en,
				Base,
			);
			mainGroup = D4DEAABB2487AC1900D33AA2;
			productRefGroup = D4DEAAC52487AC1900D33AA2 /* Products */;
			projectDirPath = "";
			projectRoot = "";
			targets = (
				D4DEAAC32487AC1900D33AA2 /* LocationManagerTest */,
			);
		};
/* End PBXProject section */

/* Begin PBXResourcesBuildPhase section */
		D4DEAAC22487AC1900D33AA2 /* Resources */ = {
			isa = PBXResourcesBuildPhase;
			buildActionMask = 2147483647;
			files = (
				D4DEAAD42487AC1E00D33AA2 /* LaunchScreen.storyboard in Resources */,
				D4DEAAD12487AC1E00D33AA2 /* Assets.xcassets in Resources */,
				D4DEAACF2487AC1900D33AA2 /* Main.storyboard in Resources */,
			);
			runOnlyForDeploymentPostprocessing = 0;
		};
/* End PBXResourcesBuildPhase section */

/* Begin PBXSourcesBuildPhase section */
		D4DEAAC02487AC1900D33AA2 /* Sources */ = {
			isa = PBXSourcesBuildPhase;
			buildActionMask = 2147483647;
			files = (
				D4DEAACC2487AC1900D33AA2 /* ViewController.swift in Sources */,
				D4DEAAE12487D3EA00D33AA2 /* MapEntity.swift in Sources */,
				D4DEAAC82487AC1900D33AA2 /* AppDelegate.swift in Sources */,
				D4DEAADC2487D1AF00D33AA2 /* MapViewControllerDelegate.swift in Sources */,
				D4DEAADF2487D3B000D33AA2 /* MapViewControllerProtocol.swift in Sources */,
				D4DEAAEA2487DA1D00D33AA2 /* Math+Extension.swift in Sources */,
				D4DEAAE82487D9F100D33AA2 /* CLLocation+Extension.swift in Sources */,
				D4DEAACA2487AC1900D33AA2 /* SceneDelegate.swift in Sources */,
				D4DEAAE52487D55A00D33AA2 /* MapViewController.swift in Sources */,
			);
			runOnlyForDeploymentPostprocessing = 0;
		};
/* End PBXSourcesBuildPhase section */

/* Begin PBXVariantGroup section */
		D4DEAACD2487AC1900D33AA2 /* Main.storyboard */ = {
			isa = PBXVariantGroup;
			children = (
				D4DEAACE2487AC1900D33AA2 /* Base */,
			);
			name = Main.storyboard;
			sourceTree = "<group>";
		};
		D4DEAAD22487AC1E00D33AA2 /* LaunchScreen.storyboard */ = {
			isa = PBXVariantGroup;
			children = (
				D4DEAAD32487AC1E00D33AA2 /* Base */,
			);
			name = LaunchScreen.storyboard;
			sourceTree = "<group>";
		};
/* End PBXVariantGroup section */

/* Begin XCBuildConfiguration section */
		D4DEAAD62487AC1E00D33AA2 /* Debug */ = {
			isa = XCBuildConfiguration;
			buildSettings = {
				ALWAYS_SEARCH_USER_PATHS = NO;
				CLANG_ANALYZER_NONNULL = YES;
				CLANG_ANALYZER_NUMBER_OBJECT_CONVERSION = YES_AGGRESSIVE;
				CLANG_CXX_LANGUAGE_STANDARD = "gnu++14";
				CLANG_CXX_LIBRARY = "libc++";
				CLANG_ENABLE_MODULES = YES;
				CLANG_ENABLE_OBJC_ARC = YES;
				CLANG_ENABLE_OBJC_WEAK = YES;
				CLANG_WARN_BLOCK_CAPTURE_AUTORELEASING = YES;
				CLANG_WARN_BOOL_CONVERSION = YES;
				CLANG_WARN_COMMA = YES;
				CLANG_WARN_CONSTANT_CONVERSION = YES;
				CLANG_WARN_DEPRECATED_OBJC_IMPLEMENTATIONS = YES;
				CLANG_WARN_DIRECT_OBJC_ISA_USAGE = YES_ERROR;
				CLANG_WARN_DOCUMENTATION_COMMENTS = YES;
				CLANG_WARN_EMPTY_BODY = YES;
				CLANG_WARN_ENUM_CONVERSION = YES;
				CLANG_WARN_INFINITE_RECURSION = YES;
				CLANG_WARN_INT_CONVERSION = YES;
				CLANG_WARN_NON_LITERAL_NULL_CONVERSION = YES;
				CLANG_WARN_OBJC_IMPLICIT_RETAIN_SELF = YES;
				CLANG_WARN_OBJC_LITERAL_CONVERSION = YES;
				CLANG_WARN_OBJC_ROOT_CLASS = YES_ERROR;
				CLANG_WARN_RANGE_LOOP_ANALYSIS = YES;
				CLANG_WARN_STRICT_PROTOTYPES = YES;
				CLANG_WARN_SUSPICIOUS_MOVE = YES;
				CLANG_WARN_UNGUARDED_AVAILABILITY = YES_AGGRESSIVE;
				CLANG_WARN_UNREACHABLE_CODE = YES;
				CLANG_WARN__DUPLICATE_METHOD_MATCH = YES;
				COPY_PHASE_STRIP = NO;
				DEBUG_INFORMATION_FORMAT = dwarf;
				ENABLE_STRICT_OBJC_MSGSEND = YES;
				ENABLE_TESTABILITY = YES;
				GCC_C_LANGUAGE_STANDARD = gnu11;
				GCC_DYNAMIC_NO_PIC = NO;
				GCC_NO_COMMON_BLOCKS = YES;
				GCC_OPTIMIZATION_LEVEL = 0;
				GCC_PREPROCESSOR_DEFINITIONS = (
					"DEBUG=1",
					"$(inherited)",
				);
				GCC_WARN_64_TO_32_BIT_CONVERSION = YES;
				GCC_WARN_ABOUT_RETURN_TYPE = YES_ERROR;
				GCC_WARN_UNDECLARED_SELECTOR = YES;
				GCC_WARN_UNINITIALIZED_AUTOS = YES_AGGRESSIVE;
				GCC_WARN_UNUSED_FUNCTION = YES;
				GCC_WARN_UNUSED_VARIABLE = YES;
				IPHONEOS_DEPLOYMENT_TARGET = 13.0;
				MTL_ENABLE_DEBUG_INFO = INCLUDE_SOURCE;
				MTL_FAST_MATH = YES;
				ONLY_ACTIVE_ARCH = YES;
				SDKROOT = iphoneos;
				SWIFT_ACTIVE_COMPILATION_CONDITIONS = DEBUG;
				SWIFT_OPTIMIZATION_LEVEL = "-Onone";
			};
			name = Debug;
		};
		D4DEAAD72487AC1E00D33AA2 /* Release */ = {
			isa = XCBuildConfiguration;
			buildSettings = {
				ALWAYS_SEARCH_USER_PATHS = NO;
				CLANG_ANALYZER_NONNULL = YES;
				CLANG_ANALYZER_NUMBER_OBJECT_CONVERSION = YES_AGGRESSIVE;
				CLANG_CXX_LANGUAGE_STANDARD = "gnu++14";
				CLANG_CXX_LIBRARY = "libc++";
				CLANG_ENABLE_MODULES = YES;
				CLANG_ENABLE_OBJC_ARC = YES;
				CLANG_ENABLE_OBJC_WEAK = YES;
				CLANG_WARN_BLOCK_CAPTURE_AUTORELEASING = YES;
				CLANG_WARN_BOOL_CONVERSION = YES;
				CLANG_WARN_COMMA = YES;
				CLANG_WARN_CONSTANT_CONVERSION = YES;
				CLANG_WARN_DEPRECATED_OBJC_IMPLEMENTATIONS = YES;
				CLANG_WARN_DIRECT_OBJC_ISA_USAGE = YES_ERROR;
				CLANG_WARN_DOCUMENTATION_COMMENTS = YES;
				CLANG_WARN_EMPTY_BODY = YES;
				CLANG_WARN_ENUM_CONVERSION = YES;
				CLANG_WARN_INFINITE_RECURSION = YES;
				CLANG_WARN_INT_CONVERSION = YES;
				CLANG_WARN_NON_LITERAL_NULL_CONVERSION = YES;
				CLANG_WARN_OBJC_IMPLICIT_RETAIN_SELF = YES;
				CLANG_WARN_OBJC_LITERAL_CONVERSION = YES;
				CLANG_WARN_OBJC_ROOT_CLASS = YES_ERROR;
				CLANG_WARN_RANGE_LOOP_ANALYSIS = YES;
				CLANG_WARN_STRICT_PROTOTYPES = YES;
				CLANG_WARN_SUSPICIOUS_MOVE = YES;
				CLANG_WARN_UNGUARDED_AVAILABILITY = YES_AGGRESSIVE;
				CLANG_WARN_UNREACHABLE_CODE = YES;
				CLANG_WARN__DUPLICATE_METHOD_MATCH = YES;
				COPY_PHASE_STRIP = NO;
				DEBUG_INFORMATION_FORMAT = "dwarf-with-dsym";
				ENABLE_NS_ASSERTIONS = NO;
				ENABLE_STRICT_OBJC_MSGSEND = YES;
				GCC_C_LANGUAGE_STANDARD = gnu11;
				GCC_NO_COMMON_BLOCKS = YES;
				GCC_WARN_64_TO_32_BIT_CONVERSION = YES;
				GCC_WARN_ABOUT_RETURN_TYPE = YES_ERROR;
				GCC_WARN_UNDECLARED_SELECTOR = YES;
				GCC_WARN_UNINITIALIZED_AUTOS = YES_AGGRESSIVE;
				GCC_WARN_UNUSED_FUNCTION = YES;
				GCC_WARN_UNUSED_VARIABLE = YES;
				IPHONEOS_DEPLOYMENT_TARGET = 13.0;
				MTL_ENABLE_DEBUG_INFO = NO;
				MTL_FAST_MATH = YES;
				SDKROOT = iphoneos;
				SWIFT_COMPILATION_MODE = wholemodule;
				SWIFT_OPTIMIZATION_LEVEL = "-O";
				VALIDATE_PRODUCT = YES;
			};
			name = Release;
		};
		D4DEAAD92487AC1E00D33AA2 /* Debug */ = {
			isa = XCBuildConfiguration;
			buildSettings = {
				ASSETCATALOG_COMPILER_APPICON_NAME = AppIcon;
				CODE_SIGN_STYLE = Automatic;
				DEVELOPMENT_TEAM = 682WVA5N96;
				INFOPLIST_FILE = LocationManagerTest/Info.plist;
				LD_RUNPATH_SEARCH_PATHS = (
					"$(inherited)",
					"@executable_path/Frameworks",
				);
				PRODUCT_BUNDLE_IDENTIFIER = de.f1ndus.LocationManagerTest;
				PRODUCT_NAME = "$(TARGET_NAME)";
				SWIFT_VERSION = 5.0;
				TARGETED_DEVICE_FAMILY = "1,2";
			};
			name = Debug;
		};
		D4DEAADA2487AC1E00D33AA2 /* Release */ = {
			isa = XCBuildConfiguration;
			buildSettings = {
				ASSETCATALOG_COMPILER_APPICON_NAME = AppIcon;
				CODE_SIGN_STYLE = Automatic;
				DEVELOPMENT_TEAM = 682WVA5N96;
				INFOPLIST_FILE = LocationManagerTest/Info.plist;
				LD_RUNPATH_SEARCH_PATHS = (
					"$(inherited)",
					"@executable_path/Frameworks",
				);
				PRODUCT_BUNDLE_IDENTIFIER = de.f1ndus.LocationManagerTest;
				PRODUCT_NAME = "$(TARGET_NAME)";
				SWIFT_VERSION = 5.0;
				TARGETED_DEVICE_FAMILY = "1,2";
			};
			name = Release;
		};
/* End XCBuildConfiguration section */

/* Begin XCConfigurationList section */
		D4DEAABF2487AC1900D33AA2 /* Build configuration list for PBXProject "LocationManagerTest" */ = {
			isa = XCConfigurationList;
			buildConfigurations = (
				D4DEAAD62487AC1E00D33AA2 /* Debug */,
				D4DEAAD72487AC1E00D33AA2 /* Release */,
			);
			defaultConfigurationIsVisible = 0;
			defaultConfigurationName = Release;
		};
		D4DEAAD82487AC1E00D33AA2 /* Build configuration list for PBXNativeTarget "LocationManagerTest" */ = {
			isa = XCConfigurationList;
			buildConfigurations = (
				D4DEAAD92487AC1E00D33AA2 /* Debug */,
				D4DEAADA2487AC1E00D33AA2 /* Release */,
			);
			defaultConfigurationIsVisible = 0;
			defaultConfigurationName = Release;
		};
/* End XCConfigurationList section */
	};
	rootObject = D4DEAABC2487AC1900D33AA2 /* Project object */;
}
