PODS:
  - Alamofire (5.2.1)
  - Log (2.0)
  - SwiftEventBus (5.0.0)
  - SwiftyJSON (4.3.0)

DEPENDENCIES:
  - Alamofire (~> 5.2)
  - Log
  - SwiftEventBus (from `https://github.com/cesarferreira/SwiftEventBus.git`, tag `5.0.1`)
  - SwiftyJSON (~> 4.0)

SPEC REPOS:
  trunk:
    - Alamofire
    - Log
    - SwiftyJSON

EXTERNAL SOURCES:
  SwiftEventBus:
    :git: https://github.com/cesarferreira/SwiftEventBus.git
    :tag: 5.0.1

CHECKOUT OPTIONS:
  SwiftEventBus:
    :git: https://github.com/cesarferreira/SwiftEventBus.git
    :tag: 5.0.1

SPEC CHECKSUMS:
  Alamofire: e911732990610fe89af59ac0077f923d72dc3dfd
  Log: 73fab10e8b88f15cef5f322b12c9be87cf19ee6e
  SwiftEventBus: b30f617a6aca5a9336464b4d3f5931034762f2d5
  SwiftyJSON: 6faa0040f8b59dead0ee07436cbf76b73c08fd08

PODFILE CHECKSUM: 1f3d3c00ec92055e12e7dfbac005c76ae088d4b4

COCOAPODS: 1.8.4
